
Microsoft Visual Studio Solution File, Format Version 12.00
# Visual Studio 2013
VisualStudioVersion = 12.0.21005.1
MinimumVisualStudioVersion = 10.0.40219.1
Project("{FAE04EC0-301F-11D3-BF4B-00C04F79EFBC}") = "475 Lab 4 Part 3", "475 Lab 4 Part 3.csproj", "{37862956-3555-4949-97C2-932D027E2111}"
EndProject
Global
	GlobalSection(SolutionConfigurationPlatforms) = preSolution
		Debug|Any CPU = Debug|Any CPU
		Release|Any CPU = Release|Any CPU
	EndGlobalSection
	GlobalSection(ProjectConfigurationPlatforms) = postSolution
		{37862956-3555-4949-97C2-932D027E2111}.Debug|Any CPU.ActiveCfg = Debug|Any CPU
		{37862956-3555-4949-97C2-932D027E2111}.Debug|Any CPU.Build.0 = Debug|Any CPU
		{37862956-3555-4949-97C2-932D027E2111}.Release|Any CPU.ActiveCfg = Release|Any CPU
		{37862956-3555-4949-97C2-932D027E2111}.Release|Any CPU.Build.0 = Release|Any CPU
	EndGlobalSection
	GlobalSection(SolutionProperties) = preSolution
		HideSolutionNode = FALSE
	EndGlobalSection
EndGlobal
